// !$*UTF8*$!
{
	archiveVersion = 1;
	classes = {
	};
	objectVersion = 50;
	objects = {

/* Begin PBXBuildFile section */
		00E955A3C4FB02FCDA2DF210 /* Pods_testDemoAppUITests.framework in Frameworks */ = {isa = PBXBuildFile; fileRef = 0E4AC41F7C4B9F1220D3D85E /* Pods_testDemoAppUITests.framework */; };
		12549AC9C1A35AAC6BE4A147 /* Pods_testDemoApp.framework in Frameworks */ = {isa = PBXBuildFile; fileRef = BF491E0B10383182C29919AA /* Pods_testDemoApp.framework */; };
		9342C6BD215604FA00CB4EAD /* SnapshotHelper.swift in Sources */ = {isa = PBXBuildFile; fileRef = 9342C6BB2156044F00CB4EAD /* SnapshotHelper.swift */; };
		938ABCF02155D3AF0072FAC8 /* AppDelegate.swift in Sources */ = {isa = PBXBuildFile; fileRef = 938ABCEF2155D3AF0072FAC8 /* AppDelegate.swift */; };
		938ABCF22155D3AF0072FAC8 /* ViewController.swift in Sources */ = {isa = PBXBuildFile; fileRef = 938ABCF12155D3AF0072FAC8 /* ViewController.swift */; };
		938ABCF52155D3AF0072FAC8 /* Main.storyboard in Resources */ = {isa = PBXBuildFile; fileRef = 938ABCF32155D3AF0072FAC8 /* Main.storyboard */; };
		938ABCF72155D3AF0072FAC8 /* Assets.xcassets in Resources */ = {isa = PBXBuildFile; fileRef = 938ABCF62155D3AF0072FAC8 /* Assets.xcassets */; };
		938ABCFA2155D3AF0072FAC8 /* LaunchScreen.storyboard in Resources */ = {isa = PBXBuildFile; fileRef = 938ABCF82155D3AF0072FAC8 /* LaunchScreen.storyboard */; };
		938ABD052155D3AF0072FAC8 /* testDemoAppTests.swift in Sources */ = {isa = PBXBuildFile; fileRef = 938ABD042155D3AF0072FAC8 /* testDemoAppTests.swift */; };
		938ABD102155D3AF0072FAC8 /* testDemoAppUITests.swift in Sources */ = {isa = PBXBuildFile; fileRef = 938ABD0F2155D3AF0072FAC8 /* testDemoAppUITests.swift */; };
		9F19652EFB92729047E7652F /* Pods_testDemoAppTests.framework in Frameworks */ = {isa = PBXBuildFile; fileRef = 703C95C16C9D27EE76EF88E5 /* Pods_testDemoAppTests.framework */; };
/* End PBXBuildFile section */

/* Begin PBXContainerItemProxy section */
		938ABD012155D3AF0072FAC8 /* PBXContainerItemProxy */ = {
			isa = PBXContainerItemProxy;
			containerPortal = 938ABCE42155D3AF0072FAC8 /* Project object */;
			proxyType = 1;
			remoteGlobalIDString = 938ABCEB2155D3AF0072FAC8;
			remoteInfo = testDemoApp;
		};
		938ABD0C2155D3AF0072FAC8 /* PBXContainerItemProxy */ = {
			isa = PBXContainerItemProxy;
			containerPortal = 938ABCE42155D3AF0072FAC8 /* Project object */;
			proxyType = 1;
			remoteGlobalIDString = 938ABCEB2155D3AF0072FAC8;
			remoteInfo = testDemoApp;
		};
/* End PBXContainerItemProxy section */

/* Begin PBXFileReference section */
		0E4AC41F7C4B9F1220D3D85E /* Pods_testDemoAppUITests.framework */ = {isa = PBXFileReference; explicitFileType = wrapper.framework; includeInIndex = 0; path = Pods_testDemoAppUITests.framework; sourceTree = BUILT_PRODUCTS_DIR; };
		25460923EA980CC931C2A191 /* Pods-testDemoAppUITests.release.xcconfig */ = {isa = PBXFileReference; includeInIndex = 1; lastKnownFileType = text.xcconfig; name = "Pods-testDemoAppUITests.release.xcconfig"; path = "Pods/Target Support Files/Pods-testDemoAppUITests/Pods-testDemoAppUITests.release.xcconfig"; sourceTree = "<group>"; };
		6EC3813509670BEA8E3D8211 /* Pods-testDemoAppUITests.debug.xcconfig */ = {isa = PBXFileReference; includeInIndex = 1; lastKnownFileType = text.xcconfig; name = "Pods-testDemoAppUITests.debug.xcconfig"; path = "Pods/Target Support Files/Pods-testDemoAppUITests/Pods-testDemoAppUITests.debug.xcconfig"; sourceTree = "<group>"; };
		703C95C16C9D27EE76EF88E5 /* Pods_testDemoAppTests.framework */ = {isa = PBXFileReference; explicitFileType = wrapper.framework; includeInIndex = 0; path = Pods_testDemoAppTests.framework; sourceTree = BUILT_PRODUCTS_DIR; };
		8AA21A3094066B4581D435F5 /* Pods-testDemoApp.release.xcconfig */ = {isa = PBXFileReference; includeInIndex = 1; lastKnownFileType = text.xcconfig; name = "Pods-testDemoApp.release.xcconfig"; path = "Pods/Target Support Files/Pods-testDemoApp/Pods-testDemoApp.release.xcconfig"; sourceTree = "<group>"; };
		9342C6BB2156044F00CB4EAD /* SnapshotHelper.swift */ = {isa = PBXFileReference; lastKnownFileType = sourcecode.swift; name = SnapshotHelper.swift; path = fastlane/SnapshotHelper.swift; sourceTree = "<group>"; };
		938ABCEC2155D3AF0072FAC8 /* testDemoApp.app */ = {isa = PBXFileReference; explicitFileType = wrapper.application; includeInIndex = 0; path = testDemoApp.app; sourceTree = BUILT_PRODUCTS_DIR; };
		938ABCEF2155D3AF0072FAC8 /* AppDelegate.swift */ = {isa = PBXFileReference; lastKnownFileType = sourcecode.swift; path = AppDelegate.swift; sourceTree = "<group>"; };
		938ABCF12155D3AF0072FAC8 /* ViewController.swift */ = {isa = PBXFileReference; lastKnownFileType = sourcecode.swift; path = ViewController.swift; sourceTree = "<group>"; };
		938ABCF42155D3AF0072FAC8 /* Base */ = {isa = PBXFileReference; lastKnownFileType = file.storyboard; name = Base; path = Base.lproj/Main.storyboard; sourceTree = "<group>"; };
		938ABCF62155D3AF0072FAC8 /* Assets.xcassets */ = {isa = PBXFileReference; lastKnownFileType = folder.assetcatalog; path = Assets.xcassets; sourceTree = "<group>"; };
		938ABCF92155D3AF0072FAC8 /* Base */ = {isa = PBXFileReference; lastKnownFileType = file.storyboard; name = Base; path = Base.lproj/LaunchScreen.storyboard; sourceTree = "<group>"; };
		938ABCFB2155D3AF0072FAC8 /* Info.plist */ = {isa = PBXFileReference; lastKnownFileType = text.plist.xml; path = Info.plist; sourceTree = "<group>"; };
		938ABD002155D3AF0072FAC8 /* testDemoAppTests.xctest */ = {isa = PBXFileReference; explicitFileType = wrapper.cfbundle; includeInIndex = 0; path = testDemoAppTests.xctest; sourceTree = BUILT_PRODUCTS_DIR; };
		938ABD042155D3AF0072FAC8 /* testDemoAppTests.swift */ = {isa = PBXFileReference; lastKnownFileType = sourcecode.swift; path = testDemoAppTests.swift; sourceTree = "<group>"; };
		938ABD062155D3AF0072FAC8 /* Info.plist */ = {isa = PBXFileReference; lastKnownFileType = text.plist.xml; path = Info.plist; sourceTree = "<group>"; };
		938ABD0B2155D3AF0072FAC8 /* testDemoAppUITests.xctest */ = {isa = PBXFileReference; explicitFileType = wrapper.cfbundle; includeInIndex = 0; path = testDemoAppUITests.xctest; sourceTree = BUILT_PRODUCTS_DIR; };
		938ABD0F2155D3AF0072FAC8 /* testDemoAppUITests.swift */ = {isa = PBXFileReference; lastKnownFileType = sourcecode.swift; path = testDemoAppUITests.swift; sourceTree = "<group>"; };
		938ABD112155D3AF0072FAC8 /* Info.plist */ = {isa = PBXFileReference; lastKnownFileType = text.plist.xml; path = Info.plist; sourceTree = "<group>"; };
		A077CF5294AC1033C1196266 /* Pods-testDemoAppTests.release.xcconfig */ = {isa = PBXFileReference; includeInIndex = 1; lastKnownFileType = text.xcconfig; name = "Pods-testDemoAppTests.release.xcconfig"; path = "Pods/Target Support Files/Pods-testDemoAppTests/Pods-testDemoAppTests.release.xcconfig"; sourceTree = "<group>"; };
		BF491E0B10383182C29919AA /* Pods_testDemoApp.framework */ = {isa = PBXFileReference; explicitFileType = wrapper.framework; includeInIndex = 0; path = Pods_testDemoApp.framework; sourceTree = BUILT_PRODUCTS_DIR; };
		DC4ADE53535FEEA3CA9690EE /* Pods-testDemoApp.debug.xcconfig */ = {isa = PBXFileReference; includeInIndex = 1; lastKnownFileType = text.xcconfig; name = "Pods-testDemoApp.debug.xcconfig"; path = "Pods/Target Support Files/Pods-testDemoApp/Pods-testDemoApp.debug.xcconfig"; sourceTree = "<group>"; };
		E2CD95E26BD922667208211F /* Pods-testDemoAppTests.debug.xcconfig */ = {isa = PBXFileReference; includeInIndex = 1; lastKnownFileType = text.xcconfig; name = "Pods-testDemoAppTests.debug.xcconfig"; path = "Pods/Target Support Files/Pods-testDemoAppTests/Pods-testDemoAppTests.debug.xcconfig"; sourceTree = "<group>"; };
/* End PBXFileReference section */

/* Begin PBXFrameworksBuildPhase section */
		938ABCE92155D3AF0072FAC8 /* Frameworks */ = {
			isa = PBXFrameworksBuildPhase;
			buildActionMask = 2147483647;
			files = (
				12549AC9C1A35AAC6BE4A147 /* Pods_testDemoApp.framework in Frameworks */,
			);
			runOnlyForDeploymentPostprocessing = 0;
		};
		938ABCFD2155D3AF0072FAC8 /* Frameworks */ = {
			isa = PBXFrameworksBuildPhase;
			buildActionMask = 2147483647;
			files = (
				9F19652EFB92729047E7652F /* Pods_testDemoAppTests.framework in Frameworks */,
			);
			runOnlyForDeploymentPostprocessing = 0;
		};
		938ABD082155D3AF0072FAC8 /* Frameworks */ = {
			isa = PBXFrameworksBuildPhase;
			buildActionMask = 2147483647;
			files = (
				00E955A3C4FB02FCDA2DF210 /* Pods_testDemoAppUITests.framework in Frameworks */,
			);
			runOnlyForDeploymentPostprocessing = 0;
		};
/* End PBXFrameworksBuildPhase section */

/* Begin PBXGroup section */
		5BBC8EF0DACE0FB8E0603A49 /* Frameworks */ = {
			isa = PBXGroup;
			children = (
				BF491E0B10383182C29919AA /* Pods_testDemoApp.framework */,
				703C95C16C9D27EE76EF88E5 /* Pods_testDemoAppTests.framework */,
				0E4AC41F7C4B9F1220D3D85E /* Pods_testDemoAppUITests.framework */,
			);
			name = Frameworks;
			sourceTree = "<group>";
		};
		938ABCE32155D3AF0072FAC8 = {
			isa = PBXGroup;
			children = (
				9342C6BB2156044F00CB4EAD /* SnapshotHelper.swift */,
				938ABCEE2155D3AF0072FAC8 /* testDemoApp */,
				938ABD032155D3AF0072FAC8 /* testDemoAppTests */,
				938ABD0E2155D3AF0072FAC8 /* testDemoAppUITests */,
				938ABCED2155D3AF0072FAC8 /* Products */,
				C97BB1FC4B0A0C55E3A6E741 /* Pods */,
				5BBC8EF0DACE0FB8E0603A49 /* Frameworks */,
			);
			sourceTree = "<group>";
		};
		938ABCED2155D3AF0072FAC8 /* Products */ = {
			isa = PBXGroup;
			children = (
				938ABCEC2155D3AF0072FAC8 /* testDemoApp.app */,
				938ABD002155D3AF0072FAC8 /* testDemoAppTests.xctest */,
				938ABD0B2155D3AF0072FAC8 /* testDemoAppUITests.xctest */,
			);
			name = Products;
			sourceTree = "<group>";
		};
		938ABCEE2155D3AF0072FAC8 /* testDemoApp */ = {
			isa = PBXGroup;
			children = (
				938ABCEF2155D3AF0072FAC8 /* AppDelegate.swift */,
				938ABCF12155D3AF0072FAC8 /* ViewController.swift */,
				938ABCF32155D3AF0072FAC8 /* Main.storyboard */,
				938ABCF62155D3AF0072FAC8 /* Assets.xcassets */,
				938ABCF82155D3AF0072FAC8 /* LaunchScreen.storyboard */,
				938ABCFB2155D3AF0072FAC8 /* Info.plist */,
			);
			path = testDemoApp;
			sourceTree = "<group>";
		};
		938ABD032155D3AF0072FAC8 /* testDemoAppTests */ = {
			isa = PBXGroup;
			children = (
				938ABD042155D3AF0072FAC8 /* testDemoAppTests.swift */,
				938ABD062155D3AF0072FAC8 /* Info.plist */,
			);
			path = testDemoAppTests;
			sourceTree = "<group>";
		};
		938ABD0E2155D3AF0072FAC8 /* testDemoAppUITests */ = {
			isa = PBXGroup;
			children = (
				938ABD0F2155D3AF0072FAC8 /* testDemoAppUITests.swift */,
				938ABD112155D3AF0072FAC8 /* Info.plist */,
			);
			path = testDemoAppUITests;
			sourceTree = "<group>";
		};
		C97BB1FC4B0A0C55E3A6E741 /* Pods */ = {
			isa = PBXGroup;
			children = (
				DC4ADE53535FEEA3CA9690EE /* Pods-testDemoApp.debug.xcconfig */,
				8AA21A3094066B4581D435F5 /* Pods-testDemoApp.release.xcconfig */,
				E2CD95E26BD922667208211F /* Pods-testDemoAppTests.debug.xcconfig */,
				A077CF5294AC1033C1196266 /* Pods-testDemoAppTests.release.xcconfig */,
				6EC3813509670BEA8E3D8211 /* Pods-testDemoAppUITests.debug.xcconfig */,
				25460923EA980CC931C2A191 /* Pods-testDemoAppUITests.release.xcconfig */,
			);
			name = Pods;
			sourceTree = "<group>";
		};
/* End PBXGroup section */

/* Begin PBXNativeTarget section */
		938ABCEB2155D3AF0072FAC8 /* testDemoApp */ = {
			isa = PBXNativeTarget;
			buildConfigurationList = 938ABD142155D3AF0072FAC8 /* Build configuration list for PBXNativeTarget "testDemoApp" */;
			buildPhases = (
				64681A05190D4A78899B6953 /* [CP] Check Pods Manifest.lock */,
				938ABCE82155D3AF0072FAC8 /* Sources */,
				938ABCE92155D3AF0072FAC8 /* Frameworks */,
				938ABCEA2155D3AF0072FAC8 /* Resources */,
			);
			buildRules = (
			);
			dependencies = (
			);
			name = testDemoApp;
			productName = testDemoApp;
			productReference = 938ABCEC2155D3AF0072FAC8 /* testDemoApp.app */;
			productType = "com.apple.product-type.application";
		};
		938ABCFF2155D3AF0072FAC8 /* testDemoAppTests */ = {
			isa = PBXNativeTarget;
			buildConfigurationList = 938ABD172155D3AF0072FAC8 /* Build configuration list for PBXNativeTarget "testDemoAppTests" */;
			buildPhases = (
				3180FD5375FCEF089F40C01A /* [CP] Check Pods Manifest.lock */,
				938ABCFC2155D3AF0072FAC8 /* Sources */,
				938ABCFD2155D3AF0072FAC8 /* Frameworks */,
				938ABCFE2155D3AF0072FAC8 /* Resources */,
				8244EC6974E41C9A12F5CDFA /* [CP] Embed Pods Frameworks */,
			);
			buildRules = (
			);
			dependencies = (
				938ABD022155D3AF0072FAC8 /* PBXTargetDependency */,
			);
			name = testDemoAppTests;
			productName = testDemoAppTests;
			productReference = 938ABD002155D3AF0072FAC8 /* testDemoAppTests.xctest */;
			productType = "com.apple.product-type.bundle.unit-test";
		};
		938ABD0A2155D3AF0072FAC8 /* testDemoAppUITests */ = {
			isa = PBXNativeTarget;
			buildConfigurationList = 938ABD1A2155D3AF0072FAC8 /* Build configuration list for PBXNativeTarget "testDemoAppUITests" */;
			buildPhases = (
				3B4125DF313842AFCCD62FED /* [CP] Check Pods Manifest.lock */,
				938ABD072155D3AF0072FAC8 /* Sources */,
				938ABD082155D3AF0072FAC8 /* Frameworks */,
				938ABD092155D3AF0072FAC8 /* Resources */,
				829734BB1C33BD2C54A9CC71 /* [CP] Embed Pods Frameworks */,
			);
			buildRules = (
			);
			dependencies = (
				938ABD0D2155D3AF0072FAC8 /* PBXTargetDependency */,
			);
			name = testDemoAppUITests;
			productName = testDemoAppUITests;
			productReference = 938ABD0B2155D3AF0072FAC8 /* testDemoAppUITests.xctest */;
			productType = "com.apple.product-type.bundle.ui-testing";
		};
/* End PBXNativeTarget section */

/* Begin PBXProject section */
		938ABCE42155D3AF0072FAC8 /* Project object */ = {
			isa = PBXProject;
			attributes = {
				LastSwiftUpdateCheck = 0940;
				LastUpgradeCheck = 0940;
				ORGANIZATIONNAME = AppVentures;
				TargetAttributes = {
					938ABCEB2155D3AF0072FAC8 = {
						CreatedOnToolsVersion = 9.4.1;
					};
					938ABCFF2155D3AF0072FAC8 = {
						CreatedOnToolsVersion = 9.4.1;
						TestTargetID = 938ABCEB2155D3AF0072FAC8;
					};
					938ABD0A2155D3AF0072FAC8 = {
						CreatedOnToolsVersion = 9.4.1;
						TestTargetID = 938ABCEB2155D3AF0072FAC8;
					};
				};
			};
			buildConfigurationList = 938ABCE72155D3AF0072FAC8 /* Build configuration list for PBXProject "testDemoApp" */;
			compatibilityVersion = "Xcode 9.3";
			developmentRegion = en;
			hasScannedForEncodings = 0;
			knownRegions = (
				en,
				Base,
			);
			mainGroup = 938ABCE32155D3AF0072FAC8;
			productRefGroup = 938ABCED2155D3AF0072FAC8 /* Products */;
			projectDirPath = "";
			projectRoot = "";
			targets = (
				938ABCEB2155D3AF0072FAC8 /* testDemoApp */,
				938ABCFF2155D3AF0072FAC8 /* testDemoAppTests */,
				938ABD0A2155D3AF0072FAC8 /* testDemoAppUITests */,
			);
		};
/* End PBXProject section */

/* Begin PBXResourcesBuildPhase section */
		938ABCEA2155D3AF0072FAC8 /* Resources */ = {
			isa = PBXResourcesBuildPhase;
			buildActionMask = 2147483647;
			files = (
				938ABCFA2155D3AF0072FAC8 /* LaunchScreen.storyboard in Resources */,
				938ABCF72155D3AF0072FAC8 /* Assets.xcassets in Resources */,
				938ABCF52155D3AF0072FAC8 /* Main.storyboard in Resources */,
			);
			runOnlyForDeploymentPostprocessing = 0;
		};
		938ABCFE2155D3AF0072FAC8 /* Resources */ = {
			isa = PBXResourcesBuildPhase;
			buildActionMask = 2147483647;
			files = (
			);
			runOnlyForDeploymentPostprocessing = 0;
		};
		938ABD092155D3AF0072FAC8 /* Resources */ = {
			isa = PBXResourcesBuildPhase;
			buildActionMask = 2147483647;
			files = (
			);
			runOnlyForDeploymentPostprocessing = 0;
		};
/* End PBXResourcesBuildPhase section */

/* Begin PBXShellScriptBuildPhase section */
		3180FD5375FCEF089F40C01A /* [CP] Check Pods Manifest.lock */ = {
			isa = PBXShellScriptBuildPhase;
			buildActionMask = 2147483647;
			files = (
			);
			inputPaths = (
				"${PODS_PODFILE_DIR_PATH}/Podfile.lock",
				"${PODS_ROOT}/Manifest.lock",
			);
			name = "[CP] Check Pods Manifest.lock";
			outputPaths = (
				"$(DERIVED_FILE_DIR)/Pods-testDemoAppTests-checkManifestLockResult.txt",
			);
			runOnlyForDeploymentPostprocessing = 0;
			shellPath = /bin/sh;
			shellScript = "diff \"${PODS_PODFILE_DIR_PATH}/Podfile.lock\" \"${PODS_ROOT}/Manifest.lock\" > /dev/null\nif [ $? != 0 ] ; then\n    # print error to STDERR\n    echo \"error: The sandbox is not in sync with the Podfile.lock. Run 'pod install' or update your CocoaPods installation.\" >&2\n    exit 1\nfi\n# This output is used by Xcode 'outputs' to avoid re-running this script phase.\necho \"SUCCESS\" > \"${SCRIPT_OUTPUT_FILE_0}\"\n";
			showEnvVarsInLog = 0;
		};
		3B4125DF313842AFCCD62FED /* [CP] Check Pods Manifest.lock */ = {
			isa = PBXShellScriptBuildPhase;
			buildActionMask = 2147483647;
			files = (
			);
			inputPaths = (
				"${PODS_PODFILE_DIR_PATH}/Podfile.lock",
				"${PODS_ROOT}/Manifest.lock",
			);
			name = "[CP] Check Pods Manifest.lock";
			outputPaths = (
				"$(DERIVED_FILE_DIR)/Pods-testDemoAppUITests-checkManifestLockResult.txt",
			);
			runOnlyForDeploymentPostprocessing = 0;
			shellPath = /bin/sh;
			shellScript = "diff \"${PODS_PODFILE_DIR_PATH}/Podfile.lock\" \"${PODS_ROOT}/Manifest.lock\" > /dev/null\nif [ $? != 0 ] ; then\n    # print error to STDERR\n    echo \"error: The sandbox is not in sync with the Podfile.lock. Run 'pod install' or update your CocoaPods installation.\" >&2\n    exit 1\nfi\n# This output is used by Xcode 'outputs' to avoid re-running this script phase.\necho \"SUCCESS\" > \"${SCRIPT_OUTPUT_FILE_0}\"\n";
			showEnvVarsInLog = 0;
		};
		64681A05190D4A78899B6953 /* [CP] Check Pods Manifest.lock */ = {
			isa = PBXShellScriptBuildPhase;
			buildActionMask = 2147483647;
			files = (
			);
			inputPaths = (
				"${PODS_PODFILE_DIR_PATH}/Podfile.lock",
				"${PODS_ROOT}/Manifest.lock",
			);
			name = "[CP] Check Pods Manifest.lock";
			outputPaths = (
				"$(DERIVED_FILE_DIR)/Pods-testDemoApp-checkManifestLockResult.txt",
			);
			runOnlyForDeploymentPostprocessing = 0;
			shellPath = /bin/sh;
			shellScript = "diff \"${PODS_PODFILE_DIR_PATH}/Podfile.lock\" \"${PODS_ROOT}/Manifest.lock\" > /dev/null\nif [ $? != 0 ] ; then\n    # print error to STDERR\n    echo \"error: The sandbox is not in sync with the Podfile.lock. Run 'pod install' or update your CocoaPods installation.\" >&2\n    exit 1\nfi\n# This output is used by Xcode 'outputs' to avoid re-running this script phase.\necho \"SUCCESS\" > \"${SCRIPT_OUTPUT_FILE_0}\"\n";
			showEnvVarsInLog = 0;
		};
		8244EC6974E41C9A12F5CDFA /* [CP] Embed Pods Frameworks */ = {
			isa = PBXShellScriptBuildPhase;
			buildActionMask = 2147483647;
			files = (
			);
			inputPaths = (
				"${SRCROOT}/Pods/Target Support Files/Pods-testDemoAppTests/Pods-testDemoAppTests-frameworks.sh",
				"${BUILT_PRODUCTS_DIR}/Nimble/Nimble.framework",
				"${BUILT_PRODUCTS_DIR}/Quick/Quick.framework",
			);
			name = "[CP] Embed Pods Frameworks";
			outputPaths = (
				"${TARGET_BUILD_DIR}/${FRAMEWORKS_FOLDER_PATH}/Nimble.framework",
				"${TARGET_BUILD_DIR}/${FRAMEWORKS_FOLDER_PATH}/Quick.framework",
			);
			runOnlyForDeploymentPostprocessing = 0;
			shellPath = /bin/sh;
			shellScript = "\"${SRCROOT}/Pods/Target Support Files/Pods-testDemoAppTests/Pods-testDemoAppTests-frameworks.sh\"\n";
			showEnvVarsInLog = 0;
		};
		829734BB1C33BD2C54A9CC71 /* [CP] Embed Pods Frameworks */ = {
			isa = PBXShellScriptBuildPhase;
			buildActionMask = 2147483647;
			files = (
			);
			inputPaths = (
				"${SRCROOT}/Pods/Target Support Files/Pods-testDemoAppUITests/Pods-testDemoAppUITests-frameworks.sh",
				"${BUILT_PRODUCTS_DIR}/Nimble/Nimble.framework",
				"${BUILT_PRODUCTS_DIR}/Quick/Quick.framework",
			);
			name = "[CP] Embed Pods Frameworks";
			outputPaths = (
				"${TARGET_BUILD_DIR}/${FRAMEWORKS_FOLDER_PATH}/Nimble.framework",
				"${TARGET_BUILD_DIR}/${FRAMEWORKS_FOLDER_PATH}/Quick.framework",
			);
			runOnlyForDeploymentPostprocessing = 0;
			shellPath = /bin/sh;
			shellScript = "\"${SRCROOT}/Pods/Target Support Files/Pods-testDemoAppUITests/Pods-testDemoAppUITests-frameworks.sh\"\n";
			showEnvVarsInLog = 0;
		};
/* End PBXShellScriptBuildPhase section */

/* Begin PBXSourcesBuildPhase section */
		938ABCE82155D3AF0072FAC8 /* Sources */ = {
			isa = PBXSourcesBuildPhase;
			buildActionMask = 2147483647;
			files = (
				938ABCF22155D3AF0072FAC8 /* ViewController.swift in Sources */,
				938ABCF02155D3AF0072FAC8 /* AppDelegate.swift in Sources */,
			);
			runOnlyForDeploymentPostprocessing = 0;
		};
		938ABCFC2155D3AF0072FAC8 /* Sources */ = {
			isa = PBXSourcesBuildPhase;
			buildActionMask = 2147483647;
			files = (
				938ABD052155D3AF0072FAC8 /* testDemoAppTests.swift in Sources */,
			);
			runOnlyForDeploymentPostprocessing = 0;
		};
		938ABD072155D3AF0072FAC8 /* Sources */ = {
			isa = PBXSourcesBuildPhase;
			buildActionMask = 2147483647;
			files = (
				9342C6BD215604FA00CB4EAD /* SnapshotHelper.swift in Sources */,
				938ABD102155D3AF0072FAC8 /* testDemoAppUITests.swift in Sources */,
			);
			runOnlyForDeploymentPostprocessing = 0;
		};
/* End PBXSourcesBuildPhase section */

/* Begin PBXTargetDependency section */
		938ABD022155D3AF0072FAC8 /* PBXTargetDependency */ = {
			isa = PBXTargetDependency;
			target = 938ABCEB2155D3AF0072FAC8 /* testDemoApp */;
			targetProxy = 938ABD012155D3AF0072FAC8 /* PBXContainerItemProxy */;
		};
		938ABD0D2155D3AF0072FAC8 /* PBXTargetDependency */ = {
			isa = PBXTargetDependency;
			target = 938ABCEB2155D3AF0072FAC8 /* testDemoApp */;
			targetProxy = 938ABD0C2155D3AF0072FAC8 /* PBXContainerItemProxy */;
		};
/* End PBXTargetDependency section */

/* Begin PBXVariantGroup section */
		938ABCF32155D3AF0072FAC8 /* Main.storyboard */ = {
			isa = PBXVariantGroup;
			children = (
				938ABCF42155D3AF0072FAC8 /* Base */,
			);
			name = Main.storyboard;
			sourceTree = "<group>";
		};
		938ABCF82155D3AF0072FAC8 /* LaunchScreen.storyboard */ = {
			isa = PBXVariantGroup;
			children = (
				938ABCF92155D3AF0072FAC8 /* Base */,
			);
			name = LaunchScreen.storyboard;
			sourceTree = "<group>";
		};
/* End PBXVariantGroup section */

/* Begin XCBuildConfiguration section */
		938ABD122155D3AF0072FAC8 /* Debug */ = {
			isa = XCBuildConfiguration;
			buildSettings = {
				ALWAYS_SEARCH_USER_PATHS = NO;
				CLANG_ANALYZER_NONNULL = YES;
				CLANG_ANALYZER_NUMBER_OBJECT_CONVERSION = YES_AGGRESSIVE;
				CLANG_CXX_LANGUAGE_STANDARD = "gnu++14";
				CLANG_CXX_LIBRARY = "libc++";
				CLANG_ENABLE_MODULES = YES;
				CLANG_ENABLE_OBJC_ARC = YES;
				CLANG_ENABLE_OBJC_WEAK = YES;
				CLANG_WARN_BLOCK_CAPTURE_AUTORELEASING = YES;
				CLANG_WARN_BOOL_CONVERSION = YES;
				CLANG_WARN_COMMA = YES;
				CLANG_WARN_CONSTANT_CONVERSION = YES;
				CLANG_WARN_DEPRECATED_OBJC_IMPLEMENTATIONS = YES;
				CLANG_WARN_DIRECT_OBJC_ISA_USAGE = YES_ERROR;
				CLANG_WARN_DOCUMENTATION_COMMENTS = YES;
				CLANG_WARN_EMPTY_BODY = YES;
				CLANG_WARN_ENUM_CONVERSION = YES;
				CLANG_WARN_INFINITE_RECURSION = YES;
				CLANG_WARN_INT_CONVERSION = YES;
				CLANG_WARN_NON_LITERAL_NULL_CONVERSION = YES;
				CLANG_WARN_OBJC_IMPLICIT_RETAIN_SELF = YES;
				CLANG_WARN_OBJC_LITERAL_CONVERSION = YES;
				CLANG_WARN_OBJC_ROOT_CLASS = YES_ERROR;
				CLANG_WARN_RANGE_LOOP_ANALYSIS = YES;
				CLANG_WARN_STRICT_PROTOTYPES = YES;
				CLANG_WARN_SUSPICIOUS_MOVE = YES;
				CLANG_WARN_UNGUARDED_AVAILABILITY = YES_AGGRESSIVE;
				CLANG_WARN_UNREACHABLE_CODE = YES;
				CLANG_WARN__DUPLICATE_METHOD_MATCH = YES;
				CODE_SIGN_IDENTITY = "iPhone Developer";
				COPY_PHASE_STRIP = NO;
				DEBUG_INFORMATION_FORMAT = dwarf;
				ENABLE_STRICT_OBJC_MSGSEND = YES;
				ENABLE_TESTABILITY = YES;
				GCC_C_LANGUAGE_STANDARD = gnu11;
				GCC_DYNAMIC_NO_PIC = NO;
				GCC_NO_COMMON_BLOCKS = YES;
				GCC_OPTIMIZATION_LEVEL = 0;
				GCC_PREPROCESSOR_DEFINITIONS = (
					"DEBUG=1",
					"$(inherited)",
				);
				GCC_WARN_64_TO_32_BIT_CONVERSION = YES;
				GCC_WARN_ABOUT_RETURN_TYPE = YES_ERROR;
				GCC_WARN_UNDECLARED_SELECTOR = YES;
				GCC_WARN_UNINITIALIZED_AUTOS = YES_AGGRESSIVE;
				GCC_WARN_UNUSED_FUNCTION = YES;
				GCC_WARN_UNUSED_VARIABLE = YES;
				IPHONEOS_DEPLOYMENT_TARGET = 11.4;
				MTL_ENABLE_DEBUG_INFO = YES;
				ONLY_ACTIVE_ARCH = YES;
				SDKROOT = iphoneos;
				SWIFT_ACTIVE_COMPILATION_CONDITIONS = DEBUG;
				SWIFT_OPTIMIZATION_LEVEL = "-Onone";
			};
			name = Debug;
		};
		938ABD132155D3AF0072FAC8 /* Release */ = {
			isa = XCBuildConfiguration;
			buildSettings = {
				ALWAYS_SEARCH_USER_PATHS = NO;
				CLANG_ANALYZER_NONNULL = YES;
				CLANG_ANALYZER_NUMBER_OBJECT_CONVERSION = YES_AGGRESSIVE;
				CLANG_CXX_LANGUAGE_STANDARD = "gnu++14";
				CLANG_CXX_LIBRARY = "libc++";
				CLANG_ENABLE_MODULES = YES;
				CLANG_ENABLE_OBJC_ARC = YES;
				CLANG_ENABLE_OBJC_WEAK = YES;
				CLANG_WARN_BLOCK_CAPTURE_AUTORELEASING = YES;
				CLANG_WARN_BOOL_CONVERSION = YES;
				CLANG_WARN_COMMA = YES;
				CLANG_WARN_CONSTANT_CONVERSION = YES;
				CLANG_WARN_DEPRECATED_OBJC_IMPLEMENTATIONS = YES;
				CLANG_WARN_DIRECT_OBJC_ISA_USAGE = YES_ERROR;
				CLANG_WARN_DOCUMENTATION_COMMENTS = YES;
				CLANG_WARN_EMPTY_BODY = YES;
				CLANG_WARN_ENUM_CONVERSION = YES;
				CLANG_WARN_INFINITE_RECURSION = YES;
				CLANG_WARN_INT_CONVERSION = YES;
				CLANG_WARN_NON_LITERAL_NULL_CONVERSION = YES;
				CLANG_WARN_OBJC_IMPLICIT_RETAIN_SELF = YES;
				CLANG_WARN_OBJC_LITERAL_CONVERSION = YES;
				CLANG_WARN_OBJC_ROOT_CLASS = YES_ERROR;
				CLANG_WARN_RANGE_LOOP_ANALYSIS = YES;
				CLANG_WARN_STRICT_PROTOTYPES = YES;
				CLANG_WARN_SUSPICIOUS_MOVE = YES;
				CLANG_WARN_UNGUARDED_AVAILABILITY = YES_AGGRESSIVE;
				CLANG_WARN_UNREACHABLE_CODE = YES;
				CLANG_WARN__DUPLICATE_METHOD_MATCH = YES;
				CODE_SIGN_IDENTITY = "iPhone Developer";
				COPY_PHASE_STRIP = NO;
				DEBUG_INFORMATION_FORMAT = "dwarf-with-dsym";
				ENABLE_NS_ASSERTIONS = NO;
				ENABLE_STRICT_OBJC_MSGSEND = YES;
				GCC_C_LANGUAGE_STANDARD = gnu11;
				GCC_NO_COMMON_BLOCKS = YES;
				GCC_WARN_64_TO_32_BIT_CONVERSION = YES;
				GCC_WARN_ABOUT_RETURN_TYPE = YES_ERROR;
				GCC_WARN_UNDECLARED_SELECTOR = YES;
				GCC_WARN_UNINITIALIZED_AUTOS = YES_AGGRESSIVE;
				GCC_WARN_UNUSED_FUNCTION = YES;
				GCC_WARN_UNUSED_VARIABLE = YES;
				IPHONEOS_DEPLOYMENT_TARGET = 11.4;
				MTL_ENABLE_DEBUG_INFO = NO;
				SDKROOT = iphoneos;
				SWIFT_COMPILATION_MODE = wholemodule;
				SWIFT_OPTIMIZATION_LEVEL = "-O";
				VALIDATE_PRODUCT = YES;
			};
			name = Release;
		};
		938ABD152155D3AF0072FAC8 /* Debug */ = {
			isa = XCBuildConfiguration;
			baseConfigurationReference = DC4ADE53535FEEA3CA9690EE /* Pods-testDemoApp.debug.xcconfig */;
			buildSettings = {
				ASSETCATALOG_COMPILER_APPICON_NAME = AppIcon;
				CODE_SIGN_IDENTITY = "iPhone Developer";
				CODE_SIGN_STYLE = Manual;
				CURRENT_PROJECT_VERSION = 3;
				DEVELOPMENT_TEAM = Q6T9TG3H55;
				INFOPLIST_FILE = testDemoApp/Info.plist;
				LD_RUNPATH_SEARCH_PATHS = (
					"$(inherited)",
					"@executable_path/Frameworks",
				);
				PRODUCT_BUNDLE_IDENTIFIER = com.AppVentures.testDemoApp;
				PRODUCT_NAME = "$(TARGET_NAME)";
				PROVISIONING_PROFILE = "f26aa75a-4267-4392-ba99-c0ad453a72dc";
				PROVISIONING_PROFILE_SPECIFIER = "match Development com.AppVentures.*";
				SWIFT_VERSION = 4.0;
				TARGETED_DEVICE_FAMILY = "1,2";
				VERSIONING_SYSTEM = "apple-generic";
			};
			name = Debug;
		};
		938ABD162155D3AF0072FAC8 /* Release */ = {
			isa = XCBuildConfiguration;
			baseConfigurationReference = 8AA21A3094066B4581D435F5 /* Pods-testDemoApp.release.xcconfig */;
			buildSettings = {
				ASSETCATALOG_COMPILER_APPICON_NAME = AppIcon;
				CODE_SIGN_IDENTITY = "iPhone Distribution";
				CODE_SIGN_STYLE = Manual;
				CURRENT_PROJECT_VERSION = 3;
				DEVELOPMENT_TEAM = Q6T9TG3H55;
				INFOPLIST_FILE = testDemoApp/Info.plist;
				LD_RUNPATH_SEARCH_PATHS = (
					"$(inherited)",
					"@executable_path/Frameworks",
				);
				PRODUCT_BUNDLE_IDENTIFIER = com.AppVentures.testDemoApp;
				PRODUCT_NAME = "$(TARGET_NAME)";
				PROVISIONING_PROFILE = "aeab03ff-cad5-40ee-892d-871bdd31a24b";
				PROVISIONING_PROFILE_SPECIFIER = "match AppStore com.AppVentures.*";
				SWIFT_VERSION = 4.0;
				TARGETED_DEVICE_FAMILY = "1,2";
				VERSIONING_SYSTEM = "apple-generic";
			};
			name = Release;
		};
		938ABD182155D3AF0072FAC8 /* Debug */ = {
			isa = XCBuildConfiguration;
			baseConfigurationReference = E2CD95E26BD922667208211F /* Pods-testDemoAppTests.debug.xcconfig */;
			buildSettings = {
				ALWAYS_EMBED_SWIFT_STANDARD_LIBRARIES = YES;
				BUNDLE_LOADER = "$(TEST_HOST)";
				CODE_SIGN_IDENTITY = "iPhone Developer";
				CODE_SIGN_STYLE = Automatic;
				CURRENT_PROJECT_VERSION = 3;
				DEVELOPMENT_TEAM = 77QB78PHPH;
				INFOPLIST_FILE = testDemoAppTests/Info.plist;
				LD_RUNPATH_SEARCH_PATHS = (
					"$(inherited)",
					"@executable_path/Frameworks",
					"@loader_path/Frameworks",
				);
				PRODUCT_BUNDLE_IDENTIFIER = com.appventures.testDemoAppTests;
				PRODUCT_NAME = "$(TARGET_NAME)";
				PROVISIONING_PROFILE_SPECIFIER = "";
				SWIFT_VERSION = 4.0;
				TARGETED_DEVICE_FAMILY = "1,2";
				TEST_HOST = "$(BUILT_PRODUCTS_DIR)/testDemoApp.app/testDemoApp";
				VERSIONING_SYSTEM = "apple-generic";
			};
			name = Debug;
		};
		938ABD192155D3AF0072FAC8 /* Release */ = {
			isa = XCBuildConfiguration;
			baseConfigurationReference = A077CF5294AC1033C1196266 /* Pods-testDemoAppTests.release.xcconfig */;
			buildSettings = {
				ALWAYS_EMBED_SWIFT_STANDARD_LIBRARIES = YES;
				BUNDLE_LOADER = "$(TEST_HOST)";
				CODE_SIGN_IDENTITY = "iPhone Developer";
				CODE_SIGN_STYLE = Automatic;
				CURRENT_PROJECT_VERSION = 3;
				DEVELOPMENT_TEAM = 77QB78PHPH;
				INFOPLIST_FILE = testDemoAppTests/Info.plist;
				LD_RUNPATH_SEARCH_PATHS = (
					"$(inherited)",
					"@executable_path/Frameworks",
					"@loader_path/Frameworks",
				);
				PRODUCT_BUNDLE_IDENTIFIER = com.appventures.testDemoAppTests;
				PRODUCT_NAME = "$(TARGET_NAME)";
				PROVISIONING_PROFILE_SPECIFIER = "";
				SWIFT_VERSION = 4.0;
				TARGETED_DEVICE_FAMILY = "1,2";
				TEST_HOST = "$(BUILT_PRODUCTS_DIR)/testDemoApp.app/testDemoApp";
				VERSIONING_SYSTEM = "apple-generic";
			};
			name = Release;
		};
		938ABD1B2155D3AF0072FAC8 /* Debug */ = {
			isa = XCBuildConfiguration;
			baseConfigurationReference = 6EC3813509670BEA8E3D8211 /* Pods-testDemoAppUITests.debug.xcconfig */;
			buildSettings = {
				ALWAYS_EMBED_SWIFT_STANDARD_LIBRARIES = YES;
				CODE_SIGN_IDENTITY = "iPhone Developer";
				CODE_SIGN_STYLE = Automatic;
				CURRENT_PROJECT_VERSION = 3;
				DEVELOPMENT_TEAM = 77QB78PHPH;
				INFOPLIST_FILE = testDemoAppUITests/Info.plist;
				LD_RUNPATH_SEARCH_PATHS = (
					"$(inherited)",
					"@executable_path/Frameworks",
					"@loader_path/Frameworks",
				);
				PRODUCT_BUNDLE_IDENTIFIER = com.appventures.testDemoAppUITests;
				PRODUCT_NAME = "$(TARGET_NAME)";
				PROVISIONING_PROFILE_SPECIFIER = "";
				SWIFT_VERSION = 4.0;
				TARGETED_DEVICE_FAMILY = "1,2";
				TEST_TARGET_NAME = testDemoApp;
				VERSIONING_SYSTEM = "apple-generic";
			};
			name = Debug;
		};
		938ABD1C2155D3AF0072FAC8 /* Release */ = {
			isa = XCBuildConfiguration;
			baseConfigurationReference = 25460923EA980CC931C2A191 /* Pods-testDemoAppUITests.release.xcconfig */;
			buildSettings = {
				ALWAYS_EMBED_SWIFT_STANDARD_LIBRARIES = YES;
				CODE_SIGN_IDENTITY = "iPhone Developer";
				CODE_SIGN_STYLE = Automatic;
				CURRENT_PROJECT_VERSION = 3;
				DEVELOPMENT_TEAM = 77QB78PHPH;
				INFOPLIST_FILE = testDemoAppUITests/Info.plist;
				LD_RUNPATH_SEARCH_PATHS = (
					"$(inherited)",
					"@executable_path/Frameworks",
					"@loader_path/Frameworks",
				);
				PRODUCT_BUNDLE_IDENTIFIER = com.appventures.testDemoAppUITests;
				PRODUCT_NAME = "$(TARGET_NAME)";
				PROVISIONING_PROFILE_SPECIFIER = "";
				SWIFT_VERSION = 4.0;
				TARGETED_DEVICE_FAMILY = "1,2";
				TEST_TARGET_NAME = testDemoApp;
				VERSIONING_SYSTEM = "apple-generic";
			};
			name = Release;
		};
/* End XCBuildConfiguration section */

/* Begin XCConfigurationList section */
		938ABCE72155D3AF0072FAC8 /* Build configuration list for PBXProject "testDemoApp" */ = {
			isa = XCConfigurationList;
			buildConfigurations = (
				938ABD122155D3AF0072FAC8 /* Debug */,
				938ABD132155D3AF0072FAC8 /* Release */,
			);
			defaultConfigurationIsVisible = 0;
			defaultConfigurationName = Release;
		};
		938ABD142155D3AF0072FAC8 /* Build configuration list for PBXNativeTarget "testDemoApp" */ = {
			isa = XCConfigurationList;
			buildConfigurations = (
				938ABD152155D3AF0072FAC8 /* Debug */,
				938ABD162155D3AF0072FAC8 /* Release */,
			);
			defaultConfigurationIsVisible = 0;
			defaultConfigurationName = Release;
		};
		938ABD172155D3AF0072FAC8 /* Build configuration list for PBXNativeTarget "testDemoAppTests" */ = {
			isa = XCConfigurationList;
			buildConfigurations = (
				938ABD182155D3AF0072FAC8 /* Debug */,
				938ABD192155D3AF0072FAC8 /* Release */,
			);
			defaultConfigurationIsVisible = 0;
			defaultConfigurationName = Release;
		};
		938ABD1A2155D3AF0072FAC8 /* Build configuration list for PBXNativeTarget "testDemoAppUITests" */ = {
			isa = XCConfigurationList;
			buildConfigurations = (
				938ABD1B2155D3AF0072FAC8 /* Debug */,
				938ABD1C2155D3AF0072FAC8 /* Release */,
			);
			defaultConfigurationIsVisible = 0;
			defaultConfigurationName = Release;
		};
/* End XCConfigurationList section */
	};
	rootObject = 938ABCE42155D3AF0072FAC8 /* Project object */;
}
